
Microsoft Visual Studio Solution File, Format Version 12.00
# Visual Studio 15
VisualStudioVersion = 15.0.28010.2026
MinimumVisualStudioVersion = 10.0.40219.1
Project("{FAE04EC0-301F-11D3-BF4B-00C04F79EFBC}") = "AL_13_10 - To zadanie jest łatwe!", "AL_13_10 - To zadanie jest łatwe!\AL_13_10 - To zadanie jest łatwe!.csproj", "{E6834312-FF61-4CE7-9707-368E0D4EEA98}"
EndProject
Global
	GlobalSection(SolutionConfigurationPlatforms) = preSolution
		Debug|Any CPU = Debug|Any CPU
		Release|Any CPU = Release|Any CPU
	EndGlobalSection
	GlobalSection(ProjectConfigurationPlatforms) = postSolution
		{E6834312-FF61-4CE7-9707-368E0D4EEA98}.Debug|Any CPU.ActiveCfg = Debug|Any CPU
		{E6834312-FF61-4CE7-9707-368E0D4EEA98}.Debug|Any CPU.Build.0 = Debug|Any CPU
		{E6834312-FF61-4CE7-9707-368E0D4EEA98}.Release|Any CPU.ActiveCfg = Release|Any CPU
		{E6834312-FF61-4CE7-9707-368E0D4EEA98}.Release|Any CPU.Build.0 = Release|Any CPU
	EndGlobalSection
	GlobalSection(SolutionProperties) = preSolution
		HideSolutionNode = FALSE
	EndGlobalSection
		SolutionGuid = {797F21A7-487D-488C-B30F-B44655605922}
	EndGlobalSection
EndGlobal
