
Microsoft Visual Studio Solution File, Format Version 12.00
# Visual Studio 15
VisualStudioVersion = 15.0.27130.2027
MinimumVisualStudioVersion = 10.0.40219.1
Project("{8BC9CEB8-8B4A-11D0-8D11-00A0C91BC942}") = "Al_02_05 - Przeprowadzka cpp", "Al_02_05 - Przeprowadzka cpp\Al_02_05 - Przeprowadzka cpp.vcxproj", "{CE0D76CB-3DA4-410A-973B-DC31D0760F6C}"
EndProject
Global
	GlobalSection(SolutionConfigurationPlatforms) = preSolution
		Debug|x64 = Debug|x64
		Debug|x86 = Debug|x86
		Release|x64 = Release|x64
		Release|x86 = Release|x86
	EndGlobalSection
	GlobalSection(ProjectConfigurationPlatforms) = postSolution
		{CE0D76CB-3DA4-410A-973B-DC31D0760F6C}.Debug|x64.ActiveCfg = Debug|x64
		{CE0D76CB-3DA4-410A-973B-DC31D0760F6C}.Debug|x64.Build.0 = Debug|x64
		{CE0D76CB-3DA4-410A-973B-DC31D0760F6C}.Debug|x86.ActiveCfg = Debug|Win32
		{CE0D76CB-3DA4-410A-973B-DC31D0760F6C}.Debug|x86.Build.0 = Debug|Win32
		{CE0D76CB-3DA4-410A-973B-DC31D0760F6C}.Release|x64.ActiveCfg = Release|x64
		{CE0D76CB-3DA4-410A-973B-DC31D0760F6C}.Release|x64.Build.0 = Release|x64
		{CE0D76CB-3DA4-410A-973B-DC31D0760F6C}.Release|x86.ActiveCfg = Release|Win32
		{CE0D76CB-3DA4-410A-973B-DC31D0760F6C}.Release|x86.Build.0 = Release|Win32
	EndGlobalSection
	GlobalSection(SolutionProperties) = preSolution
		HideSolutionNode = FALSE
	EndGlobalSection
	GlobalSection(ExtensibilityGlobals) = postSolution
		SolutionGuid = {92BBB8C1-C311-449C-9FF3-0418EFED10D4}
	EndGlobalSection
EndGlobal
