
Microsoft Visual Studio Solution File, Format Version 12.00
# Visual Studio 15
VisualStudioVersion = 15.0.27428.2005
MinimumVisualStudioVersion = 10.0.40219.1
Project("{FAE04EC0-301F-11D3-BF4B-00C04F79EFBC}") = "SYS - Systemy pozycyjne", "SYS - Systemy pozycyjne\SYS - Systemy pozycyjne.csproj", "{CBDC184F-8263-4A5B-82CE-E01EAEEB8352}"
EndProject
Global
	GlobalSection(SolutionConfigurationPlatforms) = preSolution
		Debug|Any CPU = Debug|Any CPU
		Release|Any CPU = Release|Any CPU
	EndGlobalSection
	GlobalSection(ProjectConfigurationPlatforms) = postSolution
		{CBDC184F-8263-4A5B-82CE-E01EAEEB8352}.Debug|Any CPU.ActiveCfg = Debug|Any CPU
		{CBDC184F-8263-4A5B-82CE-E01EAEEB8352}.Debug|Any CPU.Build.0 = Debug|Any CPU
		{CBDC184F-8263-4A5B-82CE-E01EAEEB8352}.Release|Any CPU.ActiveCfg = Release|Any CPU
		{CBDC184F-8263-4A5B-82CE-E01EAEEB8352}.Release|Any CPU.Build.0 = Release|Any CPU
	EndGlobalSection
	GlobalSection(SolutionProperties) = preSolution
		HideSolutionNode = FALSE
	EndGlobalSection
	GlobalSection(ExtensibilityGlobals) = postSolution
		SolutionGuid = {10A0E32B-5604-4577-9AEE-3F3587A92DB1}
	EndGlobalSection
EndGlobal
