
Microsoft Visual Studio Solution File, Format Version 12.00
# Visual Studio 15
VisualStudioVersion = 15.0.27428.2005
MinimumVisualStudioVersion = 10.0.40219.1
Project("{FAE04EC0-301F-11D3-BF4B-00C04F79EFBC}") = "JZAPKAB - Kabalistyczny zapis daty", "JZAPKAB - Kabalistyczny zapis daty\JZAPKAB - Kabalistyczny zapis daty.csproj", "{23103274-A269-4FC8-925E-44E391CBE1A0}"
EndProject
Global
	GlobalSection(SolutionConfigurationPlatforms) = preSolution
		Debug|Any CPU = Debug|Any CPU
		Release|Any CPU = Release|Any CPU
	EndGlobalSection
	GlobalSection(ProjectConfigurationPlatforms) = postSolution
		{23103274-A269-4FC8-925E-44E391CBE1A0}.Debug|Any CPU.ActiveCfg = Debug|Any CPU
		{23103274-A269-4FC8-925E-44E391CBE1A0}.Debug|Any CPU.Build.0 = Debug|Any CPU
		{23103274-A269-4FC8-925E-44E391CBE1A0}.Release|Any CPU.ActiveCfg = Release|Any CPU
		{23103274-A269-4FC8-925E-44E391CBE1A0}.Release|Any CPU.Build.0 = Release|Any CPU
	EndGlobalSection
	GlobalSection(SolutionProperties) = preSolution
		HideSolutionNode = FALSE
	EndGlobalSection
	GlobalSection(ExtensibilityGlobals) = postSolution
		SolutionGuid = {41052777-7CE5-47BC-BF83-8CE1BB21565A}
	EndGlobalSection
EndGlobal
