
Microsoft Visual Studio Solution File, Format Version 12.00
# Visual Studio 15
VisualStudioVersion = 15.0.27130.2027
MinimumVisualStudioVersion = 10.0.40219.1
Project("{8BC9CEB8-8B4A-11D0-8D11-00A0C91BC942}") = "FR_06_02 - O Janku Wędrowniczku", "FR_06_02 - O Janku Wędrowniczku\FR_06_02 - O Janku Wędrowniczku.vcxproj", "{F6D468F8-13C7-46D5-A696-8793EE17B067}"
EndProject
Global
	GlobalSection(SolutionConfigurationPlatforms) = preSolution
		Debug|x64 = Debug|x64
		Debug|x86 = Debug|x86
		Release|x64 = Release|x64
		Release|x86 = Release|x86
	EndGlobalSection
	GlobalSection(ProjectConfigurationPlatforms) = postSolution
		{F6D468F8-13C7-46D5-A696-8793EE17B067}.Debug|x64.ActiveCfg = Debug|x64
		{F6D468F8-13C7-46D5-A696-8793EE17B067}.Debug|x64.Build.0 = Debug|x64
		{F6D468F8-13C7-46D5-A696-8793EE17B067}.Debug|x86.ActiveCfg = Debug|Win32
		{F6D468F8-13C7-46D5-A696-8793EE17B067}.Debug|x86.Build.0 = Debug|Win32
		{F6D468F8-13C7-46D5-A696-8793EE17B067}.Release|x64.ActiveCfg = Release|x64
		{F6D468F8-13C7-46D5-A696-8793EE17B067}.Release|x64.Build.0 = Release|x64
		{F6D468F8-13C7-46D5-A696-8793EE17B067}.Release|x86.ActiveCfg = Release|Win32
		{F6D468F8-13C7-46D5-A696-8793EE17B067}.Release|x86.Build.0 = Release|Win32
	EndGlobalSection
	GlobalSection(SolutionProperties) = preSolution
		HideSolutionNode = FALSE
	EndGlobalSection
	GlobalSection(ExtensibilityGlobals) = postSolution
		SolutionGuid = {E6562E24-B1FA-4F4E-BE30-02FC1B282669}
	EndGlobalSection
EndGlobal
