
Microsoft Visual Studio Solution File, Format Version 12.00
# Visual Studio 15
VisualStudioVersion = 15.0.27428.2005
MinimumVisualStudioVersion = 10.0.40219.1
Project("{FAE04EC0-301F-11D3-BF4B-00C04F79EFBC}") = "MWPZ06H - Konkurs pseudomatematyczny", "MWPZ06H - Konkurs pseudomatematyczny\MWPZ06H - Konkurs pseudomatematyczny.csproj", "{EDA88A53-0D23-4039-BE42-6A4F64E01D9D}"
EndProject
Global
	GlobalSection(SolutionConfigurationPlatforms) = preSolution
		Debug|Any CPU = Debug|Any CPU
		Release|Any CPU = Release|Any CPU
	EndGlobalSection
	GlobalSection(ProjectConfigurationPlatforms) = postSolution
		{EDA88A53-0D23-4039-BE42-6A4F64E01D9D}.Debug|Any CPU.ActiveCfg = Debug|Any CPU
		{EDA88A53-0D23-4039-BE42-6A4F64E01D9D}.Debug|Any CPU.Build.0 = Debug|Any CPU
		{EDA88A53-0D23-4039-BE42-6A4F64E01D9D}.Release|Any CPU.ActiveCfg = Release|Any CPU
		{EDA88A53-0D23-4039-BE42-6A4F64E01D9D}.Release|Any CPU.Build.0 = Release|Any CPU
	EndGlobalSection
	GlobalSection(SolutionProperties) = preSolution
		HideSolutionNode = FALSE
	EndGlobalSection
	GlobalSection(ExtensibilityGlobals) = postSolution
		SolutionGuid = {B74E73FE-1CE2-45AB-821E-A627ECC709A5}
	EndGlobalSection
EndGlobal
