
Microsoft Visual Studio Solution File, Format Version 12.00
# Visual Studio 15
VisualStudioVersion = 15.0.27428.2005
MinimumVisualStudioVersion = 10.0.40219.1
Project("{FAE04EC0-301F-11D3-BF4B-00C04F79EFBC}") = "PTROL - ROL", "PTROL - ROL\PTROL - ROL.csproj", "{3A1F926F-2CEC-41C2-AD78-42290AAEDD40}"
EndProject
Global
	GlobalSection(SolutionConfigurationPlatforms) = preSolution
		Debug|Any CPU = Debug|Any CPU
		Release|Any CPU = Release|Any CPU
	EndGlobalSection
	GlobalSection(ProjectConfigurationPlatforms) = postSolution
		{3A1F926F-2CEC-41C2-AD78-42290AAEDD40}.Debug|Any CPU.ActiveCfg = Debug|Any CPU
		{3A1F926F-2CEC-41C2-AD78-42290AAEDD40}.Debug|Any CPU.Build.0 = Debug|Any CPU
		{3A1F926F-2CEC-41C2-AD78-42290AAEDD40}.Release|Any CPU.ActiveCfg = Release|Any CPU
		{3A1F926F-2CEC-41C2-AD78-42290AAEDD40}.Release|Any CPU.Build.0 = Release|Any CPU
	EndGlobalSection
	GlobalSection(SolutionProperties) = preSolution
		HideSolutionNode = FALSE
	EndGlobalSection
	GlobalSection(ExtensibilityGlobals) = postSolution
		SolutionGuid = {B468E3E7-B4E2-4547-82C0-67B8BAF1EA83}
	EndGlobalSection
EndGlobal
