
Microsoft Visual Studio Solution File, Format Version 12.00
# Visual Studio 15
VisualStudioVersion = 15.0.28010.2046
MinimumVisualStudioVersion = 10.0.40219.1
Project("{FAE04EC0-301F-11D3-BF4B-00C04F79EFBC}") = "AL_31_01 - Jasio w szponach hazardu", "AL_31_01 - Jasio w szponach hazardu\AL_31_01 - Jasio w szponach hazardu.csproj", "{6B7B4870-AE6C-4201-8369-642D6C52C7BE}"
EndProject
Global
	GlobalSection(SolutionConfigurationPlatforms) = preSolution
		Debug|Any CPU = Debug|Any CPU
		Release|Any CPU = Release|Any CPU
	EndGlobalSection
	GlobalSection(ProjectConfigurationPlatforms) = postSolution
		{6B7B4870-AE6C-4201-8369-642D6C52C7BE}.Debug|Any CPU.ActiveCfg = Debug|Any CPU
		{6B7B4870-AE6C-4201-8369-642D6C52C7BE}.Debug|Any CPU.Build.0 = Debug|Any CPU
		{6B7B4870-AE6C-4201-8369-642D6C52C7BE}.Release|Any CPU.ActiveCfg = Release|Any CPU
		{6B7B4870-AE6C-4201-8369-642D6C52C7BE}.Release|Any CPU.Build.0 = Release|Any CPU
	EndGlobalSection
	GlobalSection(SolutionProperties) = preSolution
		HideSolutionNode = FALSE
	EndGlobalSection
	GlobalSection(ExtensibilityGlobals) = postSolution
		SolutionGuid = {A3A3F6C7-BDA8-4CC1-A73E-9C5CECBC231B}
	EndGlobalSection
EndGlobal
