
Microsoft Visual Studio Solution File, Format Version 12.00
# Visual Studio 15
VisualStudioVersion = 15.0.28010.2046
MinimumVisualStudioVersion = 10.0.40219.1
Project("{FAE04EC0-301F-11D3-BF4B-00C04F79EFBC}") = "AL_17_01 - Mundial 2014", "AL_17_01 - Mundial 2014\AL_17_01 - Mundial 2014.csproj", "{DF39E640-E2EB-47D4-9F15-9732002D2DE1}"
EndProject
Global
	GlobalSection(SolutionConfigurationPlatforms) = preSolution
		Debug|Any CPU = Debug|Any CPU
		Release|Any CPU = Release|Any CPU
	EndGlobalSection
	GlobalSection(ProjectConfigurationPlatforms) = postSolution
		{DF39E640-E2EB-47D4-9F15-9732002D2DE1}.Debug|Any CPU.ActiveCfg = Debug|Any CPU
		{DF39E640-E2EB-47D4-9F15-9732002D2DE1}.Debug|Any CPU.Build.0 = Debug|Any CPU
		{DF39E640-E2EB-47D4-9F15-9732002D2DE1}.Release|Any CPU.ActiveCfg = Release|Any CPU
		{DF39E640-E2EB-47D4-9F15-9732002D2DE1}.Release|Any CPU.Build.0 = Release|Any CPU
	EndGlobalSection
	GlobalSection(SolutionProperties) = preSolution
		HideSolutionNode = FALSE
	EndGlobalSection
	GlobalSection(ExtensibilityGlobals) = postSolution
		SolutionGuid = {01AC3EF2-EBA2-4DBC-8BD0-B54E3D4BB03A}
	EndGlobalSection
EndGlobal
