
Microsoft Visual Studio Solution File, Format Version 12.00
# Visual Studio 15
VisualStudioVersion = 15.0.28010.2046
MinimumVisualStudioVersion = 10.0.40219.1
Project("{FAE04EC0-301F-11D3-BF4B-00C04F79EFBC}") = "PP0602B - Tabelki liczb", "PP0602B - Tabelki liczb\PP0602B - Tabelki liczb.csproj", "{1E898ABE-F2A1-4863-AA6B-F21801ED536E}"
EndProject
Global
	GlobalSection(SolutionConfigurationPlatforms) = preSolution
		Debug|Any CPU = Debug|Any CPU
		Release|Any CPU = Release|Any CPU
	EndGlobalSection
	GlobalSection(ProjectConfigurationPlatforms) = postSolution
		{1E898ABE-F2A1-4863-AA6B-F21801ED536E}.Debug|Any CPU.ActiveCfg = Debug|Any CPU
		{1E898ABE-F2A1-4863-AA6B-F21801ED536E}.Debug|Any CPU.Build.0 = Debug|Any CPU
		{1E898ABE-F2A1-4863-AA6B-F21801ED536E}.Release|Any CPU.ActiveCfg = Release|Any CPU
		{1E898ABE-F2A1-4863-AA6B-F21801ED536E}.Release|Any CPU.Build.0 = Release|Any CPU
	EndGlobalSection
	GlobalSection(SolutionProperties) = preSolution
		HideSolutionNode = FALSE
	EndGlobalSection
	GlobalSection(ExtensibilityGlobals) = postSolution
		SolutionGuid = {7021EDAE-F161-48C5-8CB6-19F830CF9781}
	EndGlobalSection
EndGlobal
