
Microsoft Visual Studio Solution File, Format Version 12.00
# Visual Studio 15
VisualStudioVersion = 15.0.27428.2005
MinimumVisualStudioVersion = 10.0.40219.1
Project("{FAE04EC0-301F-11D3-BF4B-00C04F79EFBC}") = "FLAMASTE - Flamaster", "FLAMASTE - Flamaster\FLAMASTE - Flamaster.csproj", "{71043F43-FE2B-465D-90FF-3CB58ABDB689}"
EndProject
Global
	GlobalSection(SolutionConfigurationPlatforms) = preSolution
		Debug|Any CPU = Debug|Any CPU
		Release|Any CPU = Release|Any CPU
	EndGlobalSection
	GlobalSection(ProjectConfigurationPlatforms) = postSolution
		{71043F43-FE2B-465D-90FF-3CB58ABDB689}.Debug|Any CPU.ActiveCfg = Debug|Any CPU
		{71043F43-FE2B-465D-90FF-3CB58ABDB689}.Debug|Any CPU.Build.0 = Debug|Any CPU
		{71043F43-FE2B-465D-90FF-3CB58ABDB689}.Release|Any CPU.ActiveCfg = Release|Any CPU
		{71043F43-FE2B-465D-90FF-3CB58ABDB689}.Release|Any CPU.Build.0 = Release|Any CPU
	EndGlobalSection
	GlobalSection(SolutionProperties) = preSolution
		HideSolutionNode = FALSE
	EndGlobalSection
	GlobalSection(ExtensibilityGlobals) = postSolution
		SolutionGuid = {59CAE8FB-97AB-4D46-8D19-E824E21F2C0B}
	EndGlobalSection
EndGlobal
