
Microsoft Visual Studio Solution File, Format Version 12.00
# Visual Studio 15
VisualStudioVersion = 15.0.28010.2046
MinimumVisualStudioVersion = 10.0.40219.1
Project("{FAE04EC0-301F-11D3-BF4B-00C04F79EFBC}") = "PTWPZ083 - PTwPZ Kalkulator", "PTWPZ083 - PTwPZ Kalkulator\PTWPZ083 - PTwPZ Kalkulator.csproj", "{E6C437D2-8C9D-40D6-A3C6-A57A09F5BB00}"
EndProject
Global
	GlobalSection(SolutionConfigurationPlatforms) = preSolution
		Debug|Any CPU = Debug|Any CPU
		Release|Any CPU = Release|Any CPU
	EndGlobalSection
	GlobalSection(ProjectConfigurationPlatforms) = postSolution
		{E6C437D2-8C9D-40D6-A3C6-A57A09F5BB00}.Debug|Any CPU.ActiveCfg = Debug|Any CPU
		{E6C437D2-8C9D-40D6-A3C6-A57A09F5BB00}.Debug|Any CPU.Build.0 = Debug|Any CPU
		{E6C437D2-8C9D-40D6-A3C6-A57A09F5BB00}.Release|Any CPU.ActiveCfg = Release|Any CPU
		{E6C437D2-8C9D-40D6-A3C6-A57A09F5BB00}.Release|Any CPU.Build.0 = Release|Any CPU
	EndGlobalSection
	GlobalSection(SolutionProperties) = preSolution
		HideSolutionNode = FALSE
	EndGlobalSection
	GlobalSection(ExtensibilityGlobals) = postSolution
		SolutionGuid = {EE4CDFA4-F46B-4D36-8DF7-AB41BDACA319}
	EndGlobalSection
EndGlobal
