
Microsoft Visual Studio Solution File, Format Version 12.00
# Visual Studio 15
VisualStudioVersion = 15.0.28010.2046
MinimumVisualStudioVersion = 10.0.40219.1
Project("{FAE04EC0-301F-11D3-BF4B-00C04F79EFBC}") = "SMWP_106 - Diament Bez Skazy", "SMWP_106 - Diament Bez Skazy\SMWP_106 - Diament Bez Skazy.csproj", "{7B55F0BB-DF06-4D34-8BE2-BE508DC5AA88}"
EndProject
Global
	GlobalSection(SolutionConfigurationPlatforms) = preSolution
		Debug|Any CPU = Debug|Any CPU
		Release|Any CPU = Release|Any CPU
	EndGlobalSection
	GlobalSection(ProjectConfigurationPlatforms) = postSolution
		{7B55F0BB-DF06-4D34-8BE2-BE508DC5AA88}.Debug|Any CPU.ActiveCfg = Debug|Any CPU
		{7B55F0BB-DF06-4D34-8BE2-BE508DC5AA88}.Debug|Any CPU.Build.0 = Debug|Any CPU
		{7B55F0BB-DF06-4D34-8BE2-BE508DC5AA88}.Release|Any CPU.ActiveCfg = Release|Any CPU
		{7B55F0BB-DF06-4D34-8BE2-BE508DC5AA88}.Release|Any CPU.Build.0 = Release|Any CPU
	EndGlobalSection
	GlobalSection(SolutionProperties) = preSolution
		HideSolutionNode = FALSE
	EndGlobalSection
	GlobalSection(ExtensibilityGlobals) = postSolution
		SolutionGuid = {C43B5602-7D2B-4805-8705-B8F887333822}
	EndGlobalSection
EndGlobal
