
Microsoft Visual Studio Solution File, Format Version 12.00
# Visual Studio 15
VisualStudioVersion = 15.0.27428.2005
MinimumVisualStudioVersion = 10.0.40219.1
Project("{8BC9CEB8-8B4A-11D0-8D11-00A0C91BC942}") = "JSUMDUZE - Dodawanie", "JSUMDUZE - Dodawanie\JSUMDUZE - Dodawanie.vcxproj", "{1FF6C3E7-98E8-4A25-BBF2-8B82B7A56E66}"
EndProject
Global
	GlobalSection(SolutionConfigurationPlatforms) = preSolution
		Debug|x64 = Debug|x64
		Debug|x86 = Debug|x86
		Release|x64 = Release|x64
		Release|x86 = Release|x86
	EndGlobalSection
	GlobalSection(ProjectConfigurationPlatforms) = postSolution
		{1FF6C3E7-98E8-4A25-BBF2-8B82B7A56E66}.Debug|x64.ActiveCfg = Debug|x64
		{1FF6C3E7-98E8-4A25-BBF2-8B82B7A56E66}.Debug|x64.Build.0 = Debug|x64
		{1FF6C3E7-98E8-4A25-BBF2-8B82B7A56E66}.Debug|x86.ActiveCfg = Debug|Win32
		{1FF6C3E7-98E8-4A25-BBF2-8B82B7A56E66}.Debug|x86.Build.0 = Debug|Win32
		{1FF6C3E7-98E8-4A25-BBF2-8B82B7A56E66}.Release|x64.ActiveCfg = Release|x64
		{1FF6C3E7-98E8-4A25-BBF2-8B82B7A56E66}.Release|x64.Build.0 = Release|x64
		{1FF6C3E7-98E8-4A25-BBF2-8B82B7A56E66}.Release|x86.ActiveCfg = Release|Win32
		{1FF6C3E7-98E8-4A25-BBF2-8B82B7A56E66}.Release|x86.Build.0 = Release|Win32
	EndGlobalSection
	GlobalSection(SolutionProperties) = preSolution
		HideSolutionNode = FALSE
	EndGlobalSection
	GlobalSection(ExtensibilityGlobals) = postSolution
		SolutionGuid = {0042162B-6E81-4B9B-B2D4-F44B16E162EB}
	EndGlobalSection
EndGlobal
