
Microsoft Visual Studio Solution File, Format Version 12.00
# Visual Studio 15
VisualStudioVersion = 15.0.27428.2005
MinimumVisualStudioVersion = 10.0.40219.1
Project("{FAE04EC0-301F-11D3-BF4B-00C04F79EFBC}") = "JSUMDUZE - Dodawanie CSHARP", "JSUMDUZE - Dodawanie CSHARP\JSUMDUZE - Dodawanie CSHARP.csproj", "{27144ACE-AA04-443B-B27D-4534CFAA658A}"
EndProject
Global
	GlobalSection(SolutionConfigurationPlatforms) = preSolution
		Debug|Any CPU = Debug|Any CPU
		Release|Any CPU = Release|Any CPU
	EndGlobalSection
	GlobalSection(ProjectConfigurationPlatforms) = postSolution
		{27144ACE-AA04-443B-B27D-4534CFAA658A}.Debug|Any CPU.ActiveCfg = Debug|Any CPU
		{27144ACE-AA04-443B-B27D-4534CFAA658A}.Debug|Any CPU.Build.0 = Debug|Any CPU
		{27144ACE-AA04-443B-B27D-4534CFAA658A}.Release|Any CPU.ActiveCfg = Release|Any CPU
		{27144ACE-AA04-443B-B27D-4534CFAA658A}.Release|Any CPU.Build.0 = Release|Any CPU
	EndGlobalSection
	GlobalSection(SolutionProperties) = preSolution
		HideSolutionNode = FALSE
	EndGlobalSection
	GlobalSection(ExtensibilityGlobals) = postSolution
		SolutionGuid = {4488AB99-A3C2-4731-AFF6-437D52F5A72A}
	EndGlobalSection
EndGlobal
