
Microsoft Visual Studio Solution File, Format Version 12.00
# Visual Studio 15
VisualStudioVersion = 15.0.27428.2005
MinimumVisualStudioVersion = 10.0.40219.1
Project("{FAE04EC0-301F-11D3-BF4B-00C04F79EFBC}") = "AL_10_01 - Sekretny kod CSHARP", "AL_10_01 - Sekretny kod CSHARP\AL_10_01 - Sekretny kod CSHARP.csproj", "{C452119B-89EF-4F23-95CF-0F921A74FC7E}"
EndProject
Global
	GlobalSection(SolutionConfigurationPlatforms) = preSolution
		Debug|Any CPU = Debug|Any CPU
		Release|Any CPU = Release|Any CPU
	EndGlobalSection
	GlobalSection(ProjectConfigurationPlatforms) = postSolution
		{C452119B-89EF-4F23-95CF-0F921A74FC7E}.Debug|Any CPU.ActiveCfg = Debug|Any CPU
		{C452119B-89EF-4F23-95CF-0F921A74FC7E}.Debug|Any CPU.Build.0 = Debug|Any CPU
		{C452119B-89EF-4F23-95CF-0F921A74FC7E}.Release|Any CPU.ActiveCfg = Release|Any CPU
		{C452119B-89EF-4F23-95CF-0F921A74FC7E}.Release|Any CPU.Build.0 = Release|Any CPU
	EndGlobalSection
	GlobalSection(SolutionProperties) = preSolution
		HideSolutionNode = FALSE
	EndGlobalSection
	GlobalSection(ExtensibilityGlobals) = postSolution
		SolutionGuid = {7C0200F3-60A9-4998-BB67-F7E575ED36A9}
	EndGlobalSection
EndGlobal
