
Microsoft Visual Studio Solution File, Format Version 12.00
# Visual Studio 15
VisualStudioVersion = 15.0.28010.2046
MinimumVisualStudioVersion = 10.0.40219.1
Project("{8BC9CEB8-8B4A-11D0-8D11-00A0C91BC942}") = "GLUTTON - Obżartuchy", "GLUTTON - Obżartuchy\GLUTTON - Obżartuchy.vcxproj", "{1D3C8C21-E383-4DC7-9D11-DC7469C9132A}"
EndProject
Global
	GlobalSection(SolutionConfigurationPlatforms) = preSolution
		Debug|x64 = Debug|x64
		Debug|x86 = Debug|x86
		Release|x64 = Release|x64
		Release|x86 = Release|x86
	EndGlobalSection
	GlobalSection(ProjectConfigurationPlatforms) = postSolution
		{1D3C8C21-E383-4DC7-9D11-DC7469C9132A}.Debug|x64.ActiveCfg = Debug|x64
		{1D3C8C21-E383-4DC7-9D11-DC7469C9132A}.Debug|x64.Build.0 = Debug|x64
		{1D3C8C21-E383-4DC7-9D11-DC7469C9132A}.Debug|x86.ActiveCfg = Debug|Win32
		{1D3C8C21-E383-4DC7-9D11-DC7469C9132A}.Debug|x86.Build.0 = Debug|Win32
		{1D3C8C21-E383-4DC7-9D11-DC7469C9132A}.Release|x64.ActiveCfg = Release|x64
		{1D3C8C21-E383-4DC7-9D11-DC7469C9132A}.Release|x64.Build.0 = Release|x64
		{1D3C8C21-E383-4DC7-9D11-DC7469C9132A}.Release|x86.ActiveCfg = Release|Win32
		{1D3C8C21-E383-4DC7-9D11-DC7469C9132A}.Release|x86.Build.0 = Release|Win32
	EndGlobalSection
	GlobalSection(SolutionProperties) = preSolution
		HideSolutionNode = FALSE
	EndGlobalSection
	GlobalSection(ExtensibilityGlobals) = postSolution
		SolutionGuid = {7CBA632C-1F41-40D3-A73C-EEA07B5A8014}
	EndGlobalSection
EndGlobal
