
Microsoft Visual Studio Solution File, Format Version 12.00
# Visual Studio 15
VisualStudioVersion = 15.0.28010.2046
MinimumVisualStudioVersion = 10.0.40219.1
Project("{FAE04EC0-301F-11D3-BF4B-00C04F79EFBC}") = "SM_01_00 - Szyfr", "SM_01_00 - Szyfr\SM_01_00 - Szyfr.csproj", "{09789F51-0A9F-47A7-BB06-7270EEBF511A}"
EndProject
Global
	GlobalSection(SolutionConfigurationPlatforms) = preSolution
		Debug|Any CPU = Debug|Any CPU
		Release|Any CPU = Release|Any CPU
	EndGlobalSection
	GlobalSection(ProjectConfigurationPlatforms) = postSolution
		{09789F51-0A9F-47A7-BB06-7270EEBF511A}.Debug|Any CPU.ActiveCfg = Debug|Any CPU
		{09789F51-0A9F-47A7-BB06-7270EEBF511A}.Debug|Any CPU.Build.0 = Debug|Any CPU
		{09789F51-0A9F-47A7-BB06-7270EEBF511A}.Release|Any CPU.ActiveCfg = Release|Any CPU
		{09789F51-0A9F-47A7-BB06-7270EEBF511A}.Release|Any CPU.Build.0 = Release|Any CPU
	EndGlobalSection
	GlobalSection(SolutionProperties) = preSolution
		HideSolutionNode = FALSE
	EndGlobalSection
	GlobalSection(ExtensibilityGlobals) = postSolution
		SolutionGuid = {069427EF-5468-4748-83FF-A18B0DE84347}
	EndGlobalSection
EndGlobal
