
Microsoft Visual Studio Solution File, Format Version 12.00
# Visual Studio 15
VisualStudioVersion = 15.0.28010.2050
MinimumVisualStudioVersion = 10.0.40219.1
Project("{FAE04EC0-301F-11D3-BF4B-00C04F79EFBC}") = "WI_SZYFR - Szyfr Gronsfelda", "WI_SZYFR - Szyfr Gronsfelda\WI_SZYFR - Szyfr Gronsfelda.csproj", "{2C1B229C-2825-45BE-81C7-5626E43EDF7C}"
EndProject
Global
	GlobalSection(SolutionConfigurationPlatforms) = preSolution
		Debug|Any CPU = Debug|Any CPU
		Release|Any CPU = Release|Any CPU
	EndGlobalSection
	GlobalSection(ProjectConfigurationPlatforms) = postSolution
		{2C1B229C-2825-45BE-81C7-5626E43EDF7C}.Debug|Any CPU.ActiveCfg = Debug|Any CPU
		{2C1B229C-2825-45BE-81C7-5626E43EDF7C}.Debug|Any CPU.Build.0 = Debug|Any CPU
		{2C1B229C-2825-45BE-81C7-5626E43EDF7C}.Release|Any CPU.ActiveCfg = Release|Any CPU
		{2C1B229C-2825-45BE-81C7-5626E43EDF7C}.Release|Any CPU.Build.0 = Release|Any CPU
	EndGlobalSection
	GlobalSection(SolutionProperties) = preSolution
		HideSolutionNode = FALSE
	EndGlobalSection
	GlobalSection(ExtensibilityGlobals) = postSolution
		SolutionGuid = {F9DEB820-4FDF-4111-924A-9A9FAA2A064C}
	EndGlobalSection
EndGlobal
