
Microsoft Visual Studio Solution File, Format Version 12.00
# Visual Studio 15
VisualStudioVersion = 15.0.27428.2005
MinimumVisualStudioVersion = 10.0.40219.1
Project("{FAE04EC0-301F-11D3-BF4B-00C04F79EFBC}") = "PROGC05 - Wycinanie literek", "PROGC05 - Wycinanie literek\PROGC05 - Wycinanie literek.csproj", "{5445BF1B-A8F8-4938-B794-ED26384E68E1}"
EndProject
Global
	GlobalSection(SolutionConfigurationPlatforms) = preSolution
		Debug|Any CPU = Debug|Any CPU
		Release|Any CPU = Release|Any CPU
	EndGlobalSection
	GlobalSection(ProjectConfigurationPlatforms) = postSolution
		{5445BF1B-A8F8-4938-B794-ED26384E68E1}.Debug|Any CPU.ActiveCfg = Debug|Any CPU
		{5445BF1B-A8F8-4938-B794-ED26384E68E1}.Debug|Any CPU.Build.0 = Debug|Any CPU
		{5445BF1B-A8F8-4938-B794-ED26384E68E1}.Release|Any CPU.ActiveCfg = Release|Any CPU
		{5445BF1B-A8F8-4938-B794-ED26384E68E1}.Release|Any CPU.Build.0 = Release|Any CPU
	EndGlobalSection
	GlobalSection(SolutionProperties) = preSolution
		HideSolutionNode = FALSE
	EndGlobalSection
	GlobalSection(ExtensibilityGlobals) = postSolution
		SolutionGuid = {F215E37B-B5CC-4B86-8272-75076F38A59E}
	EndGlobalSection
EndGlobal
