
Microsoft Visual Studio Solution File, Format Version 12.00
# Visual Studio 15
VisualStudioVersion = 15.0.27428.2005
MinimumVisualStudioVersion = 10.0.40219.1
Project("{FAE04EC0-301F-11D3-BF4B-00C04F79EFBC}") = "JSUMDUZE - Dodawanie metoda 2", "JSUMDUZE - Dodawanie metoda 2\JSUMDUZE - Dodawanie metoda 2.csproj", "{DB2B4494-3D8D-4A0B-A854-102D887BC1CB}"
EndProject
Global
	GlobalSection(SolutionConfigurationPlatforms) = preSolution
		Debug|Any CPU = Debug|Any CPU
		Release|Any CPU = Release|Any CPU
	EndGlobalSection
	GlobalSection(ProjectConfigurationPlatforms) = postSolution
		{DB2B4494-3D8D-4A0B-A854-102D887BC1CB}.Debug|Any CPU.ActiveCfg = Debug|Any CPU
		{DB2B4494-3D8D-4A0B-A854-102D887BC1CB}.Debug|Any CPU.Build.0 = Debug|Any CPU
		{DB2B4494-3D8D-4A0B-A854-102D887BC1CB}.Release|Any CPU.ActiveCfg = Release|Any CPU
		{DB2B4494-3D8D-4A0B-A854-102D887BC1CB}.Release|Any CPU.Build.0 = Release|Any CPU
	EndGlobalSection
	GlobalSection(SolutionProperties) = preSolution
		HideSolutionNode = FALSE
	EndGlobalSection
	GlobalSection(ExtensibilityGlobals) = postSolution
		SolutionGuid = {2DF203F7-D0C6-495D-8CCF-91A8DAB0402A}
	EndGlobalSection
EndGlobal
