
Microsoft Visual Studio Solution File, Format Version 12.00
# Visual Studio 15
VisualStudioVersion = 15.0.27428.2005
MinimumVisualStudioVersion = 10.0.40219.1
Project("{FAE04EC0-301F-11D3-BF4B-00C04F79EFBC}") = "AL_28_01 - Piramidka", "AL_28_01 - Piramidka\AL_28_01 - Piramidka.csproj", "{D61F9873-34F2-45E7-BB3B-4CEF8B0D5AEC}"
EndProject
Global
	GlobalSection(SolutionConfigurationPlatforms) = preSolution
		Debug|Any CPU = Debug|Any CPU
		Release|Any CPU = Release|Any CPU
	EndGlobalSection
	GlobalSection(ProjectConfigurationPlatforms) = postSolution
		{D61F9873-34F2-45E7-BB3B-4CEF8B0D5AEC}.Debug|Any CPU.ActiveCfg = Debug|Any CPU
		{D61F9873-34F2-45E7-BB3B-4CEF8B0D5AEC}.Debug|Any CPU.Build.0 = Debug|Any CPU
		{D61F9873-34F2-45E7-BB3B-4CEF8B0D5AEC}.Release|Any CPU.ActiveCfg = Release|Any CPU
		{D61F9873-34F2-45E7-BB3B-4CEF8B0D5AEC}.Release|Any CPU.Build.0 = Release|Any CPU
	EndGlobalSection
	GlobalSection(SolutionProperties) = preSolution
		HideSolutionNode = FALSE
	EndGlobalSection
	GlobalSection(ExtensibilityGlobals) = postSolution
		SolutionGuid = {7AE7D647-1F0D-4593-A73E-66AB9260100E}
	EndGlobalSection
EndGlobal
