
Microsoft Visual Studio Solution File, Format Version 12.00
# Visual Studio 15
VisualStudioVersion = 15.0.27428.2005
MinimumVisualStudioVersion = 10.0.40219.1
Project("{FAE04EC0-301F-11D3-BF4B-00C04F79EFBC}") = "FR_09_06 - Odległość w wyrazach", "FR_09_06 - Odległość w wyrazach\FR_09_06 - Odległość w wyrazach.csproj", "{D5B92D36-3516-4898-8D6C-52EFA4D8938C}"
EndProject
Global
	GlobalSection(SolutionConfigurationPlatforms) = preSolution
		Debug|Any CPU = Debug|Any CPU
		Release|Any CPU = Release|Any CPU
	EndGlobalSection
	GlobalSection(ProjectConfigurationPlatforms) = postSolution
		{D5B92D36-3516-4898-8D6C-52EFA4D8938C}.Debug|Any CPU.ActiveCfg = Debug|Any CPU
		{D5B92D36-3516-4898-8D6C-52EFA4D8938C}.Debug|Any CPU.Build.0 = Debug|Any CPU
		{D5B92D36-3516-4898-8D6C-52EFA4D8938C}.Release|Any CPU.ActiveCfg = Release|Any CPU
		{D5B92D36-3516-4898-8D6C-52EFA4D8938C}.Release|Any CPU.Build.0 = Release|Any CPU
	EndGlobalSection
	GlobalSection(SolutionProperties) = preSolution
		HideSolutionNode = FALSE
	EndGlobalSection
	GlobalSection(ExtensibilityGlobals) = postSolution
		SolutionGuid = {CDE5D923-1237-4085-938E-AF1729D4B636}
	EndGlobalSection
EndGlobal
